# THIS IS AN AUTOGENERATED FILE. DO NOT EDIT THIS FILE DIRECTLY.
# yarn lockfile v1


hybrid-crypto-js@^0.2.2:
  version "0.2.2"
  resolved "https://registry.yarnpkg.com/hybrid-crypto-js/-/hybrid-crypto-js-0.2.2.tgz#49b6924cdd20f6e21258c32781086247c51d7abf"
  integrity sha512-HJShvXNluoaDEYSeNlsfNaSZLYq/9monkTbKsReoMEh5AAmT2sC8NDQUM6JnjepT4MhhIR4AGmSLLJAVs2u4sA==
  dependencies:
    node-forge "^0.8.5"

node-forge@^0.8.5:
  version "0.8.5"
  resolved "https://registry.yarnpkg.com/node-forge/-/node-forge-0.8.5.tgz#57906f07614dc72762c84cef442f427c0e1b86ee"
  integrity sha512-vFMQIWt+J/7FLNyKouZ9TazT74PRV3wgv9UT4cRjC8BffxFbKXkgIWR42URCPSnHm/QDz6BOlb2Q0U4+VQT67Q==
